
Microsoft Visual Studio Solution File, Format Version 12.00
# Visual Studio Version 17
VisualStudioVersion = 17.0.31903.59
MinimumVisualStudioVersion = 10.0.40219.1
Project("{FAE04EC0-301F-11D3-BF4B-00C04F79EFBC}") = "TransportManagement.Domain", "TransportManagement.Domain\TransportManagement.Domain.csproj", "{4682440D-27E6-43CD-BC00-6B9924EACADD}"
EndProject
Project("{FAE04EC0-301F-11D3-BF4B-00C04F79EFBC}") = "TransportManagement.Application", "TransportManagement.Application\TransportManagement.Application.csproj", "{8283BED3-74A5-4253-9707-76D032D9C5E6}"
EndProject
Project("{FAE04EC0-301F-11D3-BF4B-00C04F79EFBC}") = "TransportManagement.Infrastructure", "TransportManagement.Infrastructure\TransportManagement.Infrastructure.csproj", "{8D1BE964-5FD9-4E21-915A-AD6E85877F7D}"
EndProject
Project("{FAE04EC0-301F-11D3-BF4B-00C04F79EFBC}") = "TransportManagement.Api", "TransportManagement.Api\TransportManagement.Api.csproj", "{1A2B630C-64BC-4D76-BF88-7DF01F57A1D1}"
EndProject
Project("{FAE04EC0-301F-11D3-BF4B-00C04F79EFBC}") = "TransportManagement.Tests", "TransportManagement.Tests\TransportManagement.Tests.csproj", "{F696A84B-8FD4-4F85-9904-32CED820F6A5}"
EndProject
Global
	GlobalSection(SolutionConfigurationPlatforms) = preSolution
		Debug|Any CPU = Debug|Any CPU
		Debug|x64 = Debug|x64
		Debug|x86 = Debug|x86
		Release|Any CPU = Release|Any CPU
		Release|x64 = Release|x64
		Release|x86 = Release|x86
	EndGlobalSection
	GlobalSection(ProjectConfigurationPlatforms) = postSolution
		{4682440D-27E6-43CD-BC00-6B9924EACADD}.Debug|Any CPU.ActiveCfg = Debug|Any CPU
		{4682440D-27E6-43CD-BC00-6B9924EACADD}.Debug|Any CPU.Build.0 = Debug|Any CPU
		{4682440D-27E6-43CD-BC00-6B9924EACADD}.Debug|x64.ActiveCfg = Debug|Any CPU
		{4682440D-27E6-43CD-BC00-6B9924EACADD}.Debug|x64.Build.0 = Debug|Any CPU
		{4682440D-27E6-43CD-BC00-6B9924EACADD}.Debug|x86.ActiveCfg = Debug|Any CPU
		{4682440D-27E6-43CD-BC00-6B9924EACADD}.Debug|x86.Build.0 = Debug|Any CPU
		{4682440D-27E6-43CD-BC00-6B9924EACADD}.Release|Any CPU.ActiveCfg = Release|Any CPU
		{4682440D-27E6-43CD-BC00-6B9924EACADD}.Release|Any CPU.Build.0 = Release|Any CPU
		{4682440D-27E6-43CD-BC00-6B9924EACADD}.Release|x64.ActiveCfg = Release|Any CPU
		{4682440D-27E6-43CD-BC00-6B9924EACADD}.Release|x64.Build.0 = Release|Any CPU
		{4682440D-27E6-43CD-BC00-6B9924EACADD}.Release|x86.ActiveCfg = Release|Any CPU
		{4682440D-27E6-43CD-BC00-6B9924EACADD}.Release|x86.Build.0 = Release|Any CPU
		{8283BED3-74A5-4253-9707-76D032D9C5E6}.Debug|Any CPU.ActiveCfg = Debug|Any CPU
		{8283BED3-74A5-4253-9707-76D032D9C5E6}.Debug|Any CPU.Build.0 = Debug|Any CPU
		{8283BED3-74A5-4253-9707-76D032D9C5E6}.Debug|x64.ActiveCfg = Debug|Any CPU
		{8283BED3-74A5-4253-9707-76D032D9C5E6}.Debug|x64.Build.0 = Debug|Any CPU
		{8283BED3-74A5-4253-9707-76D032D9C5E6}.Debug|x86.ActiveCfg = Debug|Any CPU
		{8283BED3-74A5-4253-9707-76D032D9C5E6}.Debug|x86.Build.0 = Debug|Any CPU
		{8283BED3-74A5-4253-9707-76D032D9C5E6}.Release|Any CPU.ActiveCfg = Release|Any CPU
		{8283BED3-74A5-4253-9707-76D032D9C5E6}.Release|Any CPU.Build.0 = Release|Any CPU
		{8283BED3-74A5-4253-9707-76D032D9C5E6}.Release|x64.ActiveCfg = Release|Any CPU
		{8283BED3-74A5-4253-9707-76D032D9C5E6}.Release|x64.Build.0 = Release|Any CPU
		{8283BED3-74A5-4253-9707-76D032D9C5E6}.Release|x86.ActiveCfg = Release|Any CPU
		{8283BED3-74A5-4253-9707-76D032D9C5E6}.Release|x86.Build.0 = Release|Any CPU
		{8D1BE964-5FD9-4E21-915A-AD6E85877F7D}.Debug|Any CPU.ActiveCfg = Debug|Any CPU
		{8D1BE964-5FD9-4E21-915A-AD6E85877F7D}.Debug|Any CPU.Build.0 = Debug|Any CPU
		{8D1BE964-5FD9-4E21-915A-AD6E85877F7D}.Debug|x64.ActiveCfg = Debug|Any CPU
		{8D1BE964-5FD9-4E21-915A-AD6E85877F7D}.Debug|x64.Build.0 = Debug|Any CPU
		{8D1BE964-5FD9-4E21-915A-AD6E85877F7D}.Debug|x86.ActiveCfg = Debug|Any CPU
		{8D1BE964-5FD9-4E21-915A-AD6E85877F7D}.Debug|x86.Build.0 = Debug|Any CPU
		{8D1BE964-5FD9-4E21-915A-AD6E85877F7D}.Release|Any CPU.ActiveCfg = Release|Any CPU
		{8D1BE964-5FD9-4E21-915A-AD6E85877F7D}.Release|Any CPU.Build.0 = Release|Any CPU
		{8D1BE964-5FD9-4E21-915A-AD6E85877F7D}.Release|x64.ActiveCfg = Release|Any CPU
		{8D1BE964-5FD9-4E21-915A-AD6E85877F7D}.Release|x64.Build.0 = Release|Any CPU
		{8D1BE964-5FD9-4E21-915A-AD6E85877F7D}.Release|x86.ActiveCfg = Release|Any CPU
		{8D1BE964-5FD9-4E21-915A-AD6E85877F7D}.Release|x86.Build.0 = Release|Any CPU
		{1A2B630C-64BC-4D76-BF88-7DF01F57A1D1}.Debug|Any CPU.ActiveCfg = Debug|Any CPU
		{1A2B630C-64BC-4D76-BF88-7DF01F57A1D1}.Debug|Any CPU.Build.0 = Debug|Any CPU
		{1A2B630C-64BC-4D76-BF88-7DF01F57A1D1}.Debug|x64.ActiveCfg = Debug|Any CPU
		{1A2B630C-64BC-4D76-BF88-7DF01F57A1D1}.Debug|x64.Build.0 = Debug|Any CPU
		{1A2B630C-64BC-4D76-BF88-7DF01F57A1D1}.Debug|x86.ActiveCfg = Debug|Any CPU
		{1A2B630C-64BC-4D76-BF88-7DF01F57A1D1}.Debug|x86.Build.0 = Debug|Any CPU
		{1A2B630C-64BC-4D76-BF88-7DF01F57A1D1}.Release|Any CPU.ActiveCfg = Release|Any CPU
		{1A2B630C-64BC-4D76-BF88-7DF01F57A1D1}.Release|Any CPU.Build.0 = Release|Any CPU
		{1A2B630C-64BC-4D76-BF88-7DF01F57A1D1}.Release|x64.ActiveCfg = Release|Any CPU
		{1A2B630C-64BC-4D76-BF88-7DF01F57A1D1}.Release|x64.Build.0 = Release|Any CPU
		{1A2B630C-64BC-4D76-BF88-7DF01F57A1D1}.Release|x86.ActiveCfg = Release|Any CPU
		{1A2B630C-64BC-4D76-BF88-7DF01F57A1D1}.Release|x86.Build.0 = Release|Any CPU
		{F696A84B-8FD4-4F85-9904-32CED820F6A5}.Debug|Any CPU.ActiveCfg = Debug|Any CPU
		{F696A84B-8FD4-4F85-9904-32CED820F6A5}.Debug|Any CPU.Build.0 = Debug|Any CPU
		{F696A84B-8FD4-4F85-9904-32CED820F6A5}.Debug|x64.ActiveCfg = Debug|Any CPU
		{F696A84B-8FD4-4F85-9904-32CED820F6A5}.Debug|x64.Build.0 = Debug|Any CPU
		{F696A84B-8FD4-4F85-9904-32CED820F6A5}.Debug|x86.ActiveCfg = Debug|Any CPU
		{F696A84B-8FD4-4F85-9904-32CED820F6A5}.Debug|x86.Build.0 = Debug|Any CPU
		{F696A84B-8FD4-4F85-9904-32CED820F6A5}.Release|Any CPU.ActiveCfg = Release|Any CPU
		{F696A84B-8FD4-4F85-9904-32CED820F6A5}.Release|Any CPU.Build.0 = Release|Any CPU
		{F696A84B-8FD4-4F85-9904-32CED820F6A5}.Release|x64.ActiveCfg = Release|Any CPU
		{F696A84B-8FD4-4F85-9904-32CED820F6A5}.Release|x64.Build.0 = Release|Any CPU
		{F696A84B-8FD4-4F85-9904-32CED820F6A5}.Release|x86.ActiveCfg = Release|Any CPU
		{F696A84B-8FD4-4F85-9904-32CED820F6A5}.Release|x86.Build.0 = Release|Any CPU
	EndGlobalSection
	GlobalSection(SolutionProperties) = preSolution
		HideSolutionNode = FALSE
	EndGlobalSection
	GlobalSection(ExtensibilityGlobals) = postSolution
		SolutionGuid = {24467861-FAE1-415E-AF96-6BA13A6B7DEA}
	EndGlobalSection
EndGlobal
